// !$*UTF8*$!
{
	archiveVersion = 1;
	classes = {
	};
	objectVersion = 56;
	objects = {

/* Begin PBXBuildFile section */
		101C56F42A10B6480091E8F0 /* Insta_cloneApp.swift in Sources */ = {isa = PBXBuildFile; fileRef = 101C56F32A10B6480091E8F0 /* Insta_cloneApp.swift */; };
		101C56F62A10B6480091E8F0 /* ContentView.swift in Sources */ = {isa = PBXBuildFile; fileRef = 101C56F52A10B6480091E8F0 /* ContentView.swift */; };
		101C56F82A10B6490091E8F0 /* Assets.xcassets in Resources */ = {isa = PBXBuildFile; fileRef = 101C56F72A10B6490091E8F0 /* Assets.xcassets */; };
		101C56FB2A10B6490091E8F0 /* Preview Assets.xcassets in Resources */ = {isa = PBXBuildFile; fileRef = 101C56FA2A10B6490091E8F0 /* Preview Assets.xcassets */; };
		101C57082A10BA600091E8F0 /* LoginView.swift in Sources */ = {isa = PBXBuildFile; fileRef = 101C57072A10BA600091E8F0 /* LoginView.swift */; };
		101C570D2A10DD250091E8F0 /* SignupView.swift in Sources */ = {isa = PBXBuildFile; fileRef = 101C570C2A10DD250091E8F0 /* SignupView.swift */; };
		101C570F2A10DDFD0091E8F0 /* AddEmailView.swift in Sources */ = {isa = PBXBuildFile; fileRef = 101C570E2A10DDFD0091E8F0 /* AddEmailView.swift */; };
		101C57112A10E39C0091E8F0 /* MainViewModel.swift in Sources */ = {isa = PBXBuildFile; fileRef = 101C57102A10E39C0091E8F0 /* MainViewModel.swift */; };
		101C57132A10F1400091E8F0 /* SignupViewModel.swift in Sources */ = {isa = PBXBuildFile; fileRef = 101C57122A10F1400091E8F0 /* SignupViewModel.swift */; };
		101C57162A10F2210091E8F0 /* AddUsernameView.swift in Sources */ = {isa = PBXBuildFile; fileRef = 101C57152A10F2210091E8F0 /* AddUsernameView.swift */; };
		101C57182A10F26F0091E8F0 /* AddPasswordView.swift in Sources */ = {isa = PBXBuildFile; fileRef = 101C57172A10F26F0091E8F0 /* AddPasswordView.swift */; };
		101C571A2A10F3A20091E8F0 /* CompleteRegView.swift in Sources */ = {isa = PBXBuildFile; fileRef = 101C57192A10F3A20091E8F0 /* CompleteRegView.swift */; };
		101C57222A1112BB0091E8F0 /* MainTabBarView.swift in Sources */ = {isa = PBXBuildFile; fileRef = 101C57212A1112BB0091E8F0 /* MainTabBarView.swift */; };
		101C57292A1117720091E8F0 /* HomeView.swift in Sources */ = {isa = PBXBuildFile; fileRef = 101C57282A1117720091E8F0 /* HomeView.swift */; };
		101C572B2A1117830091E8F0 /* HomeViewModel.swift in Sources */ = {isa = PBXBuildFile; fileRef = 101C572A2A1117830091E8F0 /* HomeViewModel.swift */; };
		101C572F2A112E2E0091E8F0 /* SettingView.swift in Sources */ = {isa = PBXBuildFile; fileRef = 101C572E2A112E2E0091E8F0 /* SettingView.swift */; };
/* End PBXBuildFile section */

/* Begin PBXFileReference section */
		101C56F02A10B6480091E8F0 /* Insta_clone.app */ = {isa = PBXFileReference; explicitFileType = wrapper.application; includeInIndex = 0; path = Insta_clone.app; sourceTree = BUILT_PRODUCTS_DIR; };
		101C56F32A10B6480091E8F0 /* Insta_cloneApp.swift */ = {isa = PBXFileReference; lastKnownFileType = sourcecode.swift; path = Insta_cloneApp.swift; sourceTree = "<group>"; };
		101C56F52A10B6480091E8F0 /* ContentView.swift */ = {isa = PBXFileReference; lastKnownFileType = sourcecode.swift; path = ContentView.swift; sourceTree = "<group>"; };
		101C56F72A10B6490091E8F0 /* Assets.xcassets */ = {isa = PBXFileReference; lastKnownFileType = folder.assetcatalog; path = Assets.xcassets; sourceTree = "<group>"; };
		101C56FA2A10B6490091E8F0 /* Preview Assets.xcassets */ = {isa = PBXFileReference; lastKnownFileType = folder.assetcatalog; path = "Preview Assets.xcassets"; sourceTree = "<group>"; };
		101C57072A10BA600091E8F0 /* LoginView.swift */ = {isa = PBXFileReference; lastKnownFileType = sourcecode.swift; path = LoginView.swift; sourceTree = "<group>"; };
		101C570C2A10DD250091E8F0 /* SignupView.swift */ = {isa = PBXFileReference; lastKnownFileType = sourcecode.swift; path = SignupView.swift; sourceTree = "<group>"; };
		101C570E2A10DDFD0091E8F0 /* AddEmailView.swift */ = {isa = PBXFileReference; lastKnownFileType = sourcecode.swift; path = AddEmailView.swift; sourceTree = "<group>"; };
		101C57102A10E39C0091E8F0 /* MainViewModel.swift */ = {isa = PBXFileReference; lastKnownFileType = sourcecode.swift; path = MainViewModel.swift; sourceTree = "<group>"; };
		101C57122A10F1400091E8F0 /* SignupViewModel.swift */ = {isa = PBXFileReference; lastKnownFileType = sourcecode.swift; path = SignupViewModel.swift; sourceTree = "<group>"; };
		101C57152A10F2210091E8F0 /* AddUsernameView.swift */ = {isa = PBXFileReference; lastKnownFileType = sourcecode.swift; path = AddUsernameView.swift; sourceTree = "<group>"; };
		101C57172A10F26F0091E8F0 /* AddPasswordView.swift */ = {isa = PBXFileReference; lastKnownFileType = sourcecode.swift; path = AddPasswordView.swift; sourceTree = "<group>"; };
		101C57192A10F3A20091E8F0 /* CompleteRegView.swift */ = {isa = PBXFileReference; lastKnownFileType = sourcecode.swift; path = CompleteRegView.swift; sourceTree = "<group>"; };
		101C57212A1112BB0091E8F0 /* MainTabBarView.swift */ = {isa = PBXFileReference; lastKnownFileType = sourcecode.swift; path = MainTabBarView.swift; sourceTree = "<group>"; };
		101C57282A1117720091E8F0 /* HomeView.swift */ = {isa = PBXFileReference; lastKnownFileType = sourcecode.swift; path = HomeView.swift; sourceTree = "<group>"; };
		101C572A2A1117830091E8F0 /* HomeViewModel.swift */ = {isa = PBXFileReference; lastKnownFileType = sourcecode.swift; path = HomeViewModel.swift; sourceTree = "<group>"; };
		101C572E2A112E2E0091E8F0 /* SettingView.swift */ = {isa = PBXFileReference; lastKnownFileType = sourcecode.swift; path = SettingView.swift; sourceTree = "<group>"; };
/* End PBXFileReference section */

/* Begin PBXFrameworksBuildPhase section */
		101C56ED2A10B6480091E8F0 /* Frameworks */ = {
			isa = PBXFrameworksBuildPhase;
			buildActionMask = 2147483647;
			files = (
			);
			runOnlyForDeploymentPostprocessing = 0;
		};
/* End PBXFrameworksBuildPhase section */

/* Begin PBXGroup section */
		101C56E72A10B6480091E8F0 = {
			isa = PBXGroup;
			children = (
				101C57092A10BA710091E8F0 /* Fonts */,
				101C56F22A10B6480091E8F0 /* Insta_clone */,
				101C56F12A10B6480091E8F0 /* Products */,
			);
			sourceTree = "<group>";
		};
		101C56F12A10B6480091E8F0 /* Products */ = {
			isa = PBXGroup;
			children = (
				101C56F02A10B6480091E8F0 /* Insta_clone.app */,
			);
			name = Products;
			sourceTree = "<group>";
		};
		101C56F22A10B6480091E8F0 /* Insta_clone */ = {
			isa = PBXGroup;
			children = (
				101C571E2A1112460091E8F0 /* App */,
				101C571F2A11124C0091E8F0 /* Core */,
				101C57052A10B6BA0091E8F0 /* Server */,
				101C56F72A10B6490091E8F0 /* Assets.xcassets */,
				101C56F92A10B6490091E8F0 /* Preview Content */,
			);
			path = Insta_clone;
			sourceTree = "<group>";
		};
		101C56F92A10B6490091E8F0 /* Preview Content */ = {
			isa = PBXGroup;
			children = (
				101C56FA2A10B6490091E8F0 /* Preview Assets.xcassets */,
			);
			path = "Preview Content";
			sourceTree = "<group>";
		};
		101C57012A10B6850091E8F0 /* Login */ = {
			isa = PBXGroup;
			children = (
				101C57042A10B6AA0091E8F0 /* ViewModel */,
				101C57032A10B6A30091E8F0 /* View */,
				101C57022A10B6940091E8F0 /* Model */,
			);
			path = Login;
			sourceTree = "<group>";
		};
		101C57022A10B6940091E8F0 /* Model */ = {
			isa = PBXGroup;
			children = (
			);
			path = Model;
			sourceTree = "<group>";
		};
		101C57032A10B6A30091E8F0 /* View */ = {
			isa = PBXGroup;
			children = (
				101C57072A10BA600091E8F0 /* LoginView.swift */,
			);
			path = View;
			sourceTree = "<group>";
		};
		101C57042A10B6AA0091E8F0 /* ViewModel */ = {
			isa = PBXGroup;
			children = (
			);
			path = ViewModel;
			sourceTree = "<group>";
		};
		101C57052A10B6BA0091E8F0 /* Server */ = {
			isa = PBXGroup;
			children = (
				101C57062A10B6CF0091E8F0 /* login */,
			);
			path = Server;
			sourceTree = "<group>";
		};
		101C57062A10B6CF0091E8F0 /* login */ = {
			isa = PBXGroup;
			children = (
			);
			path = login;
			sourceTree = "<group>";
		};
		101C57092A10BA710091E8F0 /* Fonts */ = {
			isa = PBXGroup;
			children = (
			);
			path = Fonts;
			sourceTree = "<group>";
		};
		101C570A2A10DD0D0091E8F0 /* signup */ = {
			isa = PBXGroup;
			children = (
				101C570B2A10DD160091E8F0 /* View */,
				101C57142A10F1440091E8F0 /* ViewModel */,
			);
			path = signup;
			sourceTree = "<group>";
		};
		101C570B2A10DD160091E8F0 /* View */ = {
			isa = PBXGroup;
			children = (
				101C570C2A10DD250091E8F0 /* SignupView.swift */,
				101C570E2A10DDFD0091E8F0 /* AddEmailView.swift */,
				101C57152A10F2210091E8F0 /* AddUsernameView.swift */,
				101C57172A10F26F0091E8F0 /* AddPasswordView.swift */,
				101C57192A10F3A20091E8F0 /* CompleteRegView.swift */,
			);
			path = View;
			sourceTree = "<group>";
		};
		101C57142A10F1440091E8F0 /* ViewModel */ = {
			isa = PBXGroup;
			children = (
				101C57122A10F1400091E8F0 /* SignupViewModel.swift */,
			);
			path = ViewModel;
			sourceTree = "<group>";
		};
		101C571B2A10F5130091E8F0 /* MainTabBar */ = {
			isa = PBXGroup;
			children = (
				101C571D2A10F5380091E8F0 /* ViewModel */,
				101C571C2A10F52F0091E8F0 /* View */,
				101C57232A1117440091E8F0 /* TabbarItems */,
			);
			path = MainTabBar;
			sourceTree = "<group>";
		};
		101C571C2A10F52F0091E8F0 /* View */ = {
			isa = PBXGroup;
			children = (
				101C57212A1112BB0091E8F0 /* MainTabBarView.swift */,
			);
			path = View;
			sourceTree = "<group>";
		};
		101C571D2A10F5380091E8F0 /* ViewModel */ = {
			isa = PBXGroup;
			children = (
			);
			path = ViewModel;
			sourceTree = "<group>";
		};
		101C571E2A1112460091E8F0 /* App */ = {
			isa = PBXGroup;
			children = (
				101C56F32A10B6480091E8F0 /* Insta_cloneApp.swift */,
				101C56F52A10B6480091E8F0 /* ContentView.swift */,
				101C57102A10E39C0091E8F0 /* MainViewModel.swift */,
			);
			path = App;
			sourceTree = "<group>";
		};
		101C571F2A11124C0091E8F0 /* Core */ = {
			isa = PBXGroup;
			children = (
				101C57202A1112650091E8F0 /* Authentication */,
				101C571B2A10F5130091E8F0 /* MainTabBar */,
			);
			path = Core;
			sourceTree = "<group>";
		};
		101C57202A1112650091E8F0 /* Authentication */ = {
			isa = PBXGroup;
			children = (
				101C57012A10B6850091E8F0 /* Login */,
				101C570A2A10DD0D0091E8F0 /* signup */,
			);
			path = Authentication;
			sourceTree = "<group>";
		};
		101C57232A1117440091E8F0 /* TabbarItems */ = {
			isa = PBXGroup;
			children = (
				101C57242A1117520091E8F0 /* Home */,
				101C572C2A112DFB0091E8F0 /* Setting */,
			);
			path = TabbarItems;
			sourceTree = "<group>";
		};
		101C57242A1117520091E8F0 /* Home */ = {
			isa = PBXGroup;
			children = (
				101C57272A1117620091E8F0 /* ViewModel */,
				101C57262A11175E0091E8F0 /* View */,
				101C57252A1117590091E8F0 /* Model */,
			);
			path = Home;
			sourceTree = "<group>";
		};
		101C57252A1117590091E8F0 /* Model */ = {
			isa = PBXGroup;
			children = (
			);
			path = Model;
			sourceTree = "<group>";
		};
		101C57262A11175E0091E8F0 /* View */ = {
			isa = PBXGroup;
			children = (
				101C57282A1117720091E8F0 /* HomeView.swift */,
			);
			path = View;
			sourceTree = "<group>";
		};
		101C57272A1117620091E8F0 /* ViewModel */ = {
			isa = PBXGroup;
			children = (
				101C572A2A1117830091E8F0 /* HomeViewModel.swift */,
			);
			path = ViewModel;
			sourceTree = "<group>";
		};
		101C572C2A112DFB0091E8F0 /* Setting */ = {
			isa = PBXGroup;
			children = (
				101C572D2A112E120091E8F0 /* View */,
			);
			path = Setting;
			sourceTree = "<group>";
		};
		101C572D2A112E120091E8F0 /* View */ = {
			isa = PBXGroup;
			children = (
				101C572E2A112E2E0091E8F0 /* SettingView.swift */,
			);
			path = View;
			sourceTree = "<group>";
		};
/* End PBXGroup section */

/* Begin PBXNativeTarget section */
		101C56EF2A10B6480091E8F0 /* Insta_clone */ = {
			isa = PBXNativeTarget;
			buildConfigurationList = 101C56FE2A10B6490091E8F0 /* Build configuration list for PBXNativeTarget "Insta_clone" */;
			buildPhases = (
				101C56EC2A10B6480091E8F0 /* Sources */,
				101C56ED2A10B6480091E8F0 /* Frameworks */,
				101C56EE2A10B6480091E8F0 /* Resources */,
			);
			buildRules = (
			);
			dependencies = (
			);
			name = Insta_clone;
			productName = Insta_clone;
			productReference = 101C56F02A10B6480091E8F0 /* Insta_clone.app */;
			productType = "com.apple.product-type.application";
		};
/* End PBXNativeTarget section */

/* Begin PBXProject section */
		101C56E82A10B6480091E8F0 /* Project object */ = {
			isa = PBXProject;
			attributes = {
				BuildIndependentTargetsInParallel = 1;
				LastSwiftUpdateCheck = 1430;
				LastUpgradeCheck = 1430;
				TargetAttributes = {
					101C56EF2A10B6480091E8F0 = {
						CreatedOnToolsVersion = 14.3;
					};
				};
			};
			buildConfigurationList = 101C56EB2A10B6480091E8F0 /* Build configuration list for PBXProject "Insta_clone" */;
			compatibilityVersion = "Xcode 14.0";
			developmentRegion = en;
			hasScannedForEncodings = 0;
			knownRegions = (
				en,
				Base,
			);
			mainGroup = 101C56E72A10B6480091E8F0;
			productRefGroup = 101C56F12A10B6480091E8F0 /* Products */;
			projectDirPath = "";
			projectRoot = "";
			targets = (
				101C56EF2A10B6480091E8F0 /* Insta_clone */,
			);
		};
/* End PBXProject section */

/* Begin PBXResourcesBuildPhase section */
		101C56EE2A10B6480091E8F0 /* Resources */ = {
			isa = PBXResourcesBuildPhase;
			buildActionMask = 2147483647;
			files = (
				101C56FB2A10B6490091E8F0 /* Preview Assets.xcassets in Resources */,
				101C56F82A10B6490091E8F0 /* Assets.xcassets in Resources */,
			);
			runOnlyForDeploymentPostprocessing = 0;
		};
/* End PBXResourcesBuildPhase section */

/* Begin PBXSourcesBuildPhase section */
		101C56EC2A10B6480091E8F0 /* Sources */ = {
			isa = PBXSourcesBuildPhase;
			buildActionMask = 2147483647;
			files = (
				101C571A2A10F3A20091E8F0 /* CompleteRegView.swift in Sources */,
				101C570F2A10DDFD0091E8F0 /* AddEmailView.swift in Sources */,
				101C570D2A10DD250091E8F0 /* SignupView.swift in Sources */,
				101C572F2A112E2E0091E8F0 /* SettingView.swift in Sources */,
				101C57222A1112BB0091E8F0 /* MainTabBarView.swift in Sources */,
				101C57182A10F26F0091E8F0 /* AddPasswordView.swift in Sources */,
				101C57082A10BA600091E8F0 /* LoginView.swift in Sources */,
				101C57132A10F1400091E8F0 /* SignupViewModel.swift in Sources */,
				101C57162A10F2210091E8F0 /* AddUsernameView.swift in Sources */,
				101C572B2A1117830091E8F0 /* HomeViewModel.swift in Sources */,
				101C56F62A10B6480091E8F0 /* ContentView.swift in Sources */,
				101C57292A1117720091E8F0 /* HomeView.swift in Sources */,
				101C56F42A10B6480091E8F0 /* Insta_cloneApp.swift in Sources */,
				101C57112A10E39C0091E8F0 /* MainViewModel.swift in Sources */,
			);
			runOnlyForDeploymentPostprocessing = 0;
		};
/* End PBXSourcesBuildPhase section */

/* Begin XCBuildConfiguration section */
		101C56FC2A10B6490091E8F0 /* Debug */ = {
			isa = XCBuildConfiguration;
			buildSettings = {
				ALWAYS_SEARCH_USER_PATHS = NO;
				CLANG_ANALYZER_NONNULL = YES;
				CLANG_ANALYZER_NUMBER_OBJECT_CONVERSION = YES_AGGRESSIVE;
				CLANG_CXX_LANGUAGE_STANDARD = "gnu++20";
				CLANG_ENABLE_MODULES = YES;
				CLANG_ENABLE_OBJC_ARC = YES;
				CLANG_ENABLE_OBJC_WEAK = YES;
				CLANG_WARN_BLOCK_CAPTURE_AUTORELEASING = YES;
				CLANG_WARN_BOOL_CONVERSION = YES;
				CLANG_WARN_COMMA = YES;
				CLANG_WARN_CONSTANT_CONVERSION = YES;
				CLANG_WARN_DEPRECATED_OBJC_IMPLEMENTATIONS = YES;
				CLANG_WARN_DIRECT_OBJC_ISA_USAGE = YES_ERROR;
				CLANG_WARN_DOCUMENTATION_COMMENTS = YES;
				CLANG_WARN_EMPTY_BODY = YES;
				CLANG_WARN_ENUM_CONVERSION = YES;
				CLANG_WARN_INFINITE_RECURSION = YES;
				CLANG_WARN_INT_CONVERSION = YES;
				CLANG_WARN_NON_LITERAL_NULL_CONVERSION = YES;
				CLANG_WARN_OBJC_IMPLICIT_RETAIN_SELF = YES;
				CLANG_WARN_OBJC_LITERAL_CONVERSION = YES;
				CLANG_WARN_OBJC_ROOT_CLASS = YES_ERROR;
				CLANG_WARN_QUOTED_INCLUDE_IN_FRAMEWORK_HEADER = YES;
				CLANG_WARN_RANGE_LOOP_ANALYSIS = YES;
				CLANG_WARN_STRICT_PROTOTYPES = YES;
				CLANG_WARN_SUSPICIOUS_MOVE = YES;
				CLANG_WARN_UNGUARDED_AVAILABILITY = YES_AGGRESSIVE;
				CLANG_WARN_UNREACHABLE_CODE = YES;
				CLANG_WARN__DUPLICATE_METHOD_MATCH = YES;
				COPY_PHASE_STRIP = NO;
				DEBUG_INFORMATION_FORMAT = dwarf;
				ENABLE_STRICT_OBJC_MSGSEND = YES;
				ENABLE_TESTABILITY = YES;
				GCC_C_LANGUAGE_STANDARD = gnu11;
				GCC_DYNAMIC_NO_PIC = NO;
				GCC_NO_COMMON_BLOCKS = YES;
				GCC_OPTIMIZATION_LEVEL = 0;
				GCC_PREPROCESSOR_DEFINITIONS = (
					"DEBUG=1",
					"$(inherited)",
				);
				GCC_WARN_64_TO_32_BIT_CONVERSION = YES;
				GCC_WARN_ABOUT_RETURN_TYPE = YES_ERROR;
				GCC_WARN_UNDECLARED_SELECTOR = YES;
				GCC_WARN_UNINITIALIZED_AUTOS = YES_AGGRESSIVE;
				GCC_WARN_UNUSED_FUNCTION = YES;
				GCC_WARN_UNUSED_VARIABLE = YES;
				IPHONEOS_DEPLOYMENT_TARGET = 15.0;
				MTL_ENABLE_DEBUG_INFO = INCLUDE_SOURCE;
				MTL_FAST_MATH = YES;
				ONLY_ACTIVE_ARCH = YES;
				SDKROOT = iphoneos;
				SWIFT_ACTIVE_COMPILATION_CONDITIONS = DEBUG;
				SWIFT_OPTIMIZATION_LEVEL = "-Onone";
			};
			name = Debug;
		};
		101C56FD2A10B6490091E8F0 /* Release */ = {
			isa = XCBuildConfiguration;
			buildSettings = {
				ALWAYS_SEARCH_USER_PATHS = NO;
				CLANG_ANALYZER_NONNULL = YES;
				CLANG_ANALYZER_NUMBER_OBJECT_CONVERSION = YES_AGGRESSIVE;
				CLANG_CXX_LANGUAGE_STANDARD = "gnu++20";
				CLANG_ENABLE_MODULES = YES;
				CLANG_ENABLE_OBJC_ARC = YES;
				CLANG_ENABLE_OBJC_WEAK = YES;
				CLANG_WARN_BLOCK_CAPTURE_AUTORELEASING = YES;
				CLANG_WARN_BOOL_CONVERSION = YES;
				CLANG_WARN_COMMA = YES;
				CLANG_WARN_CONSTANT_CONVERSION = YES;
				CLANG_WARN_DEPRECATED_OBJC_IMPLEMENTATIONS = YES;
				CLANG_WARN_DIRECT_OBJC_ISA_USAGE = YES_ERROR;
				CLANG_WARN_DOCUMENTATION_COMMENTS = YES;
				CLANG_WARN_EMPTY_BODY = YES;
				CLANG_WARN_ENUM_CONVERSION = YES;
				CLANG_WARN_INFINITE_RECURSION = YES;
				CLANG_WARN_INT_CONVERSION = YES;
				CLANG_WARN_NON_LITERAL_NULL_CONVERSION = YES;
				CLANG_WARN_OBJC_IMPLICIT_RETAIN_SELF = YES;
				CLANG_WARN_OBJC_LITERAL_CONVERSION = YES;
				CLANG_WARN_OBJC_ROOT_CLASS = YES_ERROR;
				CLANG_WARN_QUOTED_INCLUDE_IN_FRAMEWORK_HEADER = YES;
				CLANG_WARN_RANGE_LOOP_ANALYSIS = YES;
				CLANG_WARN_STRICT_PROTOTYPES = YES;
				CLANG_WARN_SUSPICIOUS_MOVE = YES;
				CLANG_WARN_UNGUARDED_AVAILABILITY = YES_AGGRESSIVE;
				CLANG_WARN_UNREACHABLE_CODE = YES;
				CLANG_WARN__DUPLICATE_METHOD_MATCH = YES;
				COPY_PHASE_STRIP = NO;
				DEBUG_INFORMATION_FORMAT = "dwarf-with-dsym";
				ENABLE_NS_ASSERTIONS = NO;
				ENABLE_STRICT_OBJC_MSGSEND = YES;
				GCC_C_LANGUAGE_STANDARD = gnu11;
				GCC_NO_COMMON_BLOCKS = YES;
				GCC_WARN_64_TO_32_BIT_CONVERSION = YES;
				GCC_WARN_ABOUT_RETURN_TYPE = YES_ERROR;
				GCC_WARN_UNDECLARED_SELECTOR = YES;
				GCC_WARN_UNINITIALIZED_AUTOS = YES_AGGRESSIVE;
				GCC_WARN_UNUSED_FUNCTION = YES;
				GCC_WARN_UNUSED_VARIABLE = YES;
				IPHONEOS_DEPLOYMENT_TARGET = 15.0;
				MTL_ENABLE_DEBUG_INFO = NO;
				MTL_FAST_MATH = YES;
				SDKROOT = iphoneos;
				SWIFT_COMPILATION_MODE = wholemodule;
				SWIFT_OPTIMIZATION_LEVEL = "-O";
				VALIDATE_PRODUCT = YES;
			};
			name = Release;
		};
		101C56FF2A10B6490091E8F0 /* Debug */ = {
			isa = XCBuildConfiguration;
			buildSettings = {
				ASSETCATALOG_COMPILER_APPICON_NAME = AppIcon;
				ASSETCATALOG_COMPILER_GLOBAL_ACCENT_COLOR_NAME = AccentColor;
				CODE_SIGN_STYLE = Automatic;
				CURRENT_PROJECT_VERSION = 1;
				DEVELOPMENT_ASSET_PATHS = "\"Insta_clone/Preview Content\"";
				DEVELOPMENT_TEAM = 5HQ3ZZS739;
				ENABLE_PREVIEWS = YES;
				GENERATE_INFOPLIST_FILE = YES;
				INFOPLIST_KEY_UIApplicationSceneManifest_Generation = YES;
				INFOPLIST_KEY_UIApplicationSupportsIndirectInputEvents = YES;
				INFOPLIST_KEY_UILaunchScreen_Generation = YES;
				INFOPLIST_KEY_UISupportedInterfaceOrientations_iPad = "UIInterfaceOrientationPortrait UIInterfaceOrientationPortraitUpsideDown UIInterfaceOrientationLandscapeLeft UIInterfaceOrientationLandscapeRight";
				INFOPLIST_KEY_UISupportedInterfaceOrientations_iPhone = "UIInterfaceOrientationPortrait UIInterfaceOrientationLandscapeLeft UIInterfaceOrientationLandscapeRight";
				IPHONEOS_DEPLOYMENT_TARGET = 15.0;
				LD_RUNPATH_SEARCH_PATHS = (
					"$(inherited)",
					"@executable_path/Frameworks",
				);
				MARKETING_VERSION = 1.0;
				PRODUCT_BUNDLE_IDENTIFIER = "com.nayan.Insta-clone";
				PRODUCT_NAME = "$(TARGET_NAME)";
				SWIFT_EMIT_LOC_STRINGS = YES;
				SWIFT_VERSION = 5.0;
				TARGETED_DEVICE_FAMILY = "1,2";
			};
			name = Debug;
		};
		101C57002A10B6490091E8F0 /* Release */ = {
			isa = XCBuildConfiguration;
			buildSettings = {
				ASSETCATALOG_COMPILER_APPICON_NAME = AppIcon;
				ASSETCATALOG_COMPILER_GLOBAL_ACCENT_COLOR_NAME = AccentColor;
				CODE_SIGN_STYLE = Automatic;
				CURRENT_PROJECT_VERSION = 1;
				DEVELOPMENT_ASSET_PATHS = "\"Insta_clone/Preview Content\"";
				DEVELOPMENT_TEAM = 5HQ3ZZS739;
				ENABLE_PREVIEWS = YES;
				GENERATE_INFOPLIST_FILE = YES;
				INFOPLIST_KEY_UIApplicationSceneManifest_Generation = YES;
				INFOPLIST_KEY_UIApplicationSupportsIndirectInputEvents = YES;
				INFOPLIST_KEY_UILaunchScreen_Generation = YES;
				INFOPLIST_KEY_UISupportedInterfaceOrientations_iPad = "UIInterfaceOrientationPortrait UIInterfaceOrientationPortraitUpsideDown UIInterfaceOrientationLandscapeLeft UIInterfaceOrientationLandscapeRight";
				INFOPLIST_KEY_UISupportedInterfaceOrientations_iPhone = "UIInterfaceOrientationPortrait UIInterfaceOrientationLandscapeLeft UIInterfaceOrientationLandscapeRight";
				IPHONEOS_DEPLOYMENT_TARGET = 15.0;
				LD_RUNPATH_SEARCH_PATHS = (
					"$(inherited)",
					"@executable_path/Frameworks",
				);
				MARKETING_VERSION = 1.0;
				PRODUCT_BUNDLE_IDENTIFIER = "com.nayan.Insta-clone";
				PRODUCT_NAME = "$(TARGET_NAME)";
				SWIFT_EMIT_LOC_STRINGS = YES;
				SWIFT_VERSION = 5.0;
				TARGETED_DEVICE_FAMILY = "1,2";
			};
			name = Release;
		};
/* End XCBuildConfiguration section */

/* Begin XCConfigurationList section */
		101C56EB2A10B6480091E8F0 /* Build configuration list for PBXProject "Insta_clone" */ = {
			isa = XCConfigurationList;
			buildConfigurations = (
				101C56FC2A10B6490091E8F0 /* Debug */,
				101C56FD2A10B6490091E8F0 /* Release */,
			);
			defaultConfigurationIsVisible = 0;
			defaultConfigurationName = Release;
		};
		101C56FE2A10B6490091E8F0 /* Build configuration list for PBXNativeTarget "Insta_clone" */ = {
			isa = XCConfigurationList;
			buildConfigurations = (
				101C56FF2A10B6490091E8F0 /* Debug */,
				101C57002A10B6490091E8F0 /* Release */,
			);
			defaultConfigurationIsVisible = 0;
			defaultConfigurationName = Release;
		};
/* End XCConfigurationList section */
	};
	rootObject = 101C56E82A10B6480091E8F0 /* Project object */;
}
